<Solution>
  <Folder Name="/bench/">
    <Project Path="bench/SignalRouter.Benchmarks/SignalRouter.Benchmarks.csproj" />
  </Folder>
  <Folder Name="/src/">
    <Project Path="src/AdapterSdk/SignalRouter.AdapterSdk.csproj" />
    <Project Path="src/Codec.CanonicalState/SignalRouter.Codec.CanonicalState.csproj" />
    <Project Path="src/Codec.Recording/SignalRouter.Codec.Recording.csproj" />
    <Project Path="src/Comparison/SignalRouter.Comparison.csproj" />
    <Project Path="src/Contracts/SignalRouter.Contracts.csproj" />
    <Project Path="src/Kernel/SignalRouter.Kernel.csproj" />
    <Project Path="src/Recording/SignalRouter.Recording.csproj" />
    <Project Path="src/Replay/SignalRouter.Replay.csproj" />
    <Project Path="src/ReferenceAdapter/SignalRouter.ReferenceAdapter.csproj" />
    <Project Path="src/Tck/SignalRouter.Tck.csproj" />
  </Folder>
  <Folder Name="/tests/">
    <Project Path="tests/SignalRouter.AdapterSdk.Tests/SignalRouter.AdapterSdk.Tests.csproj" />
    <Project Path="tests/SignalRouter.ApiSurface.Tests/SignalRouter.ApiSurface.Tests.csproj" />
    <Project Path="tests/SignalRouter.Codec.CanonicalState.Tests/SignalRouter.Codec.CanonicalState.Tests.csproj" />
    <Project Path="tests/SignalRouter.Codec.Recording.Tests/SignalRouter.Codec.Recording.Tests.csproj" />
    <Project Path="tests/SignalRouter.Comparison.Tests/SignalRouter.Comparison.Tests.csproj" />
    <Project Path="tests/SignalRouter.Contracts.Tests/SignalRouter.Contracts.Tests.csproj" />
    <Project Path="tests/SignalRouter.Kernel.Tests/SignalRouter.Kernel.Tests.csproj" />
    <Project Path="tests/SignalRouter.Performance.Tests/SignalRouter.Performance.Tests.csproj" />
    <Project Path="tests/SignalRouter.Recording.Tests/SignalRouter.Recording.Tests.csproj" />
    <Project Path="tests/SignalRouter.ReferenceAdapter.Tests/SignalRouter.ReferenceAdapter.Tests.csproj" />
    <Project Path="tests/SignalRouter.Replay.Tests/SignalRouter.Replay.Tests.csproj" />
  </Folder>
</Solution>
